// !$*UTF8*$!
{
	archiveVersion = 1;
	classes = {
	};
	objectVersion = 50;
	objects = {

/* Begin PBXBuildFile section */
		9D23BA3D21A1E03000888CFD /* AppDelegate.swift in Sources */ = {isa = PBXBuildFile; fileRef = 9D23BA3C21A1E03000888CFD /* AppDelegate.swift */; };
		9D23BA4421A1E03200888CFD /* Assets.xcassets in Resources */ = {isa = PBXBuildFile; fileRef = 9D23BA4321A1E03200888CFD /* Assets.xcassets */; };
		9D23BA4721A1E03200888CFD /* LaunchScreen.storyboard in Resources */ = {isa = PBXBuildFile; fileRef = 9D23BA4521A1E03200888CFD /* LaunchScreen.storyboard */; };
		9D7FE49A21A415170069A125 /* Service.swift in Sources */ = {isa = PBXBuildFile; fileRef = 9D7FE49921A415170069A125 /* Service.swift */; };
		9D7FE49C21A4463E0069A125 /* Home+imageZoom.swift in Sources */ = {isa = PBXBuildFile; fileRef = 9D7FE49B21A4463E0069A125 /* Home+imageZoom.swift */; };
		9DAA777621A2D91600E3E1AD /* UserCell.swift in Sources */ = {isa = PBXBuildFile; fileRef = 9DAA777521A2D91600E3E1AD /* UserCell.swift */; };
		9DAA777821A2FD6000E3E1AD /* Home+navbar.swift in Sources */ = {isa = PBXBuildFile; fileRef = 9DAA777721A2FD6000E3E1AD /* Home+navbar.swift */; };
		9DAA777A21A340BC00E3E1AD /* TweetCell.swift in Sources */ = {isa = PBXBuildFile; fileRef = 9DAA777921A340BB00E3E1AD /* TweetCell.swift */; };
		9DAA777C21A341AB00E3E1AD /* Tweet.swift in Sources */ = {isa = PBXBuildFile; fileRef = 9DAA777B21A341AB00E3E1AD /* Tweet.swift */; };
		9DB6FF6021A1F54000E291E3 /* HomeDatasourceController.swift in Sources */ = {isa = PBXBuildFile; fileRef = 9DB6FF5F21A1F54000E291E3 /* HomeDatasourceController.swift */; };
		9DB6FF6421A1FB2B00E291E3 /* Cells.swift in Sources */ = {isa = PBXBuildFile; fileRef = 9DB6FF6321A1FB2B00E291E3 /* Cells.swift */; };
		9DB6FF6621A1FB7900E291E3 /* HomeDatasource.swift in Sources */ = {isa = PBXBuildFile; fileRef = 9DB6FF6521A1FB7900E291E3 /* HomeDatasource.swift */; };
		9DB6FF6921A2104500E291E3 /* Extensions.swift in Sources */ = {isa = PBXBuildFile; fileRef = 9DB6FF6821A2104500E291E3 /* Extensions.swift */; };
		9DB6FF6B21A2171E00E291E3 /* User.swift in Sources */ = {isa = PBXBuildFile; fileRef = 9DB6FF6A21A2171E00E291E3 /* User.swift */; };
		9DC2903521A4845A00CDBA4F /* Constants.swift in Sources */ = {isa = PBXBuildFile; fileRef = 9DC2903421A4845A00CDBA4F /* Constants.swift */; };
		C8215D9778F8CFE38D9BF9D8 /* Pods_TwitterClone.framework in Frameworks */ = {isa = PBXBuildFile; fileRef = 11B20B95DB83473176B233BB /* Pods_TwitterClone.framework */; };
/* End PBXBuildFile section */

/* Begin PBXFileReference section */
		11B20B95DB83473176B233BB /* Pods_TwitterClone.framework */ = {isa = PBXFileReference; explicitFileType = wrapper.framework; includeInIndex = 0; path = Pods_TwitterClone.framework; sourceTree = BUILT_PRODUCTS_DIR; };
		577838F50919B6C9C0B0A2BE /* Pods-TwitterClone.debug.xcconfig */ = {isa = PBXFileReference; includeInIndex = 1; lastKnownFileType = text.xcconfig; name = "Pods-TwitterClone.debug.xcconfig"; path = "Pods/Target Support Files/Pods-TwitterClone/Pods-TwitterClone.debug.xcconfig"; sourceTree = "<group>"; };
		8725B61B0020830979920CB4 /* Pods-TwitterClone.release.xcconfig */ = {isa = PBXFileReference; includeInIndex = 1; lastKnownFileType = text.xcconfig; name = "Pods-TwitterClone.release.xcconfig"; path = "Pods/Target Support Files/Pods-TwitterClone/Pods-TwitterClone.release.xcconfig"; sourceTree = "<group>"; };
		9D23BA3921A1E03000888CFD /* TwitterClone.app */ = {isa = PBXFileReference; explicitFileType = wrapper.application; includeInIndex = 0; path = TwitterClone.app; sourceTree = BUILT_PRODUCTS_DIR; };
		9D23BA3C21A1E03000888CFD /* AppDelegate.swift */ = {isa = PBXFileReference; lastKnownFileType = sourcecode.swift; path = AppDelegate.swift; sourceTree = "<group>"; };
		9D23BA4321A1E03200888CFD /* Assets.xcassets */ = {isa = PBXFileReference; lastKnownFileType = folder.assetcatalog; path = Assets.xcassets; sourceTree = "<group>"; };
		9D23BA4621A1E03200888CFD /* Base */ = {isa = PBXFileReference; lastKnownFileType = file.storyboard; name = Base; path = Base.lproj/LaunchScreen.storyboard; sourceTree = "<group>"; };
		9D23BA4821A1E03200888CFD /* Info.plist */ = {isa = PBXFileReference; lastKnownFileType = text.plist.xml; path = Info.plist; sourceTree = "<group>"; };
		9D7FE49921A415170069A125 /* Service.swift */ = {isa = PBXFileReference; lastKnownFileType = sourcecode.swift; path = Service.swift; sourceTree = "<group>"; };
		9D7FE49B21A4463E0069A125 /* Home+imageZoom.swift */ = {isa = PBXFileReference; lastKnownFileType = sourcecode.swift; path = "Home+imageZoom.swift"; sourceTree = "<group>"; };
		9DAA777521A2D91600E3E1AD /* UserCell.swift */ = {isa = PBXFileReference; lastKnownFileType = sourcecode.swift; path = UserCell.swift; sourceTree = "<group>"; };
		9DAA777721A2FD6000E3E1AD /* Home+navbar.swift */ = {isa = PBXFileReference; lastKnownFileType = sourcecode.swift; path = "Home+navbar.swift"; sourceTree = "<group>"; };
		9DAA777921A340BB00E3E1AD /* TweetCell.swift */ = {isa = PBXFileReference; lastKnownFileType = sourcecode.swift; path = TweetCell.swift; sourceTree = "<group>"; };
		9DAA777B21A341AB00E3E1AD /* Tweet.swift */ = {isa = PBXFileReference; lastKnownFileType = sourcecode.swift; path = Tweet.swift; sourceTree = "<group>"; };
		9DB6FF5F21A1F54000E291E3 /* HomeDatasourceController.swift */ = {isa = PBXFileReference; lastKnownFileType = sourcecode.swift; path = HomeDatasourceController.swift; sourceTree = "<group>"; };
		9DB6FF6321A1FB2B00E291E3 /* Cells.swift */ = {isa = PBXFileReference; lastKnownFileType = sourcecode.swift; path = Cells.swift; sourceTree = "<group>"; };
		9DB6FF6521A1FB7900E291E3 /* HomeDatasource.swift */ = {isa = PBXFileReference; lastKnownFileType = sourcecode.swift; path = HomeDatasource.swift; sourceTree = "<group>"; };
		9DB6FF6821A2104500E291E3 /* Extensions.swift */ = {isa = PBXFileReference; lastKnownFileType = sourcecode.swift; path = Extensions.swift; sourceTree = "<group>"; };
		9DB6FF6A21A2171E00E291E3 /* User.swift */ = {isa = PBXFileReference; lastKnownFileType = sourcecode.swift; path = User.swift; sourceTree = "<group>"; };
		9DC2903421A4845A00CDBA4F /* Constants.swift */ = {isa = PBXFileReference; lastKnownFileType = sourcecode.swift; path = Constants.swift; sourceTree = "<group>"; };
/* End PBXFileReference section */

/* Begin PBXFrameworksBuildPhase section */
		9D23BA3621A1E03000888CFD /* Frameworks */ = {
			isa = PBXFrameworksBuildPhase;
			buildActionMask = 2147483647;
			files = (
				C8215D9778F8CFE38D9BF9D8 /* Pods_TwitterClone.framework in Frameworks */,
			);
			runOnlyForDeploymentPostprocessing = 0;
		};
/* End PBXFrameworksBuildPhase section */

/* Begin PBXGroup section */
		103B4D5E3BC590227F9AC01C /* Pods */ = {
			isa = PBXGroup;
			children = (
				577838F50919B6C9C0B0A2BE /* Pods-TwitterClone.debug.xcconfig */,
				8725B61B0020830979920CB4 /* Pods-TwitterClone.release.xcconfig */,
			);
			name = Pods;
			sourceTree = "<group>";
		};
		6207C142884ADD2360D0255B /* Frameworks */ = {
			isa = PBXGroup;
			children = (
				11B20B95DB83473176B233BB /* Pods_TwitterClone.framework */,
			);
			name = Frameworks;
			sourceTree = "<group>";
		};
		9D23BA3021A1E03000888CFD = {
			isa = PBXGroup;
			children = (
				9D23BA3B21A1E03000888CFD /* TwitterClone */,
				9D23BA3A21A1E03000888CFD /* Products */,
				103B4D5E3BC590227F9AC01C /* Pods */,
				6207C142884ADD2360D0255B /* Frameworks */,
			);
			sourceTree = "<group>";
		};
		9D23BA3A21A1E03000888CFD /* Products */ = {
			isa = PBXGroup;
			children = (
				9D23BA3921A1E03000888CFD /* TwitterClone.app */,
			);
			name = Products;
			sourceTree = "<group>";
		};
		9D23BA3B21A1E03000888CFD /* TwitterClone */ = {
			isa = PBXGroup;
			children = (
				9D7FE49821A4150B0069A125 /* Service */,
				9DB6FF6721A2103800E291E3 /* Utils */,
				9DB6FF6221A1FB1800E291E3 /* Views */,
				9DB6FF6121A1FB0F00E291E3 /* Models */,
				9D23BA5021A1E1D800888CFD /* ViewControllers */,
				9D23BA5121A1E1E800888CFD /* Resources */,
			);
			path = TwitterClone;
			sourceTree = "<group>";
		};
		9D23BA5021A1E1D800888CFD /* ViewControllers */ = {
			isa = PBXGroup;
			children = (
				9DB6FF5F21A1F54000E291E3 /* HomeDatasourceController.swift */,
				9DAA777721A2FD6000E3E1AD /* Home+navbar.swift */,
				9D7FE49B21A4463E0069A125 /* Home+imageZoom.swift */,
			);
			path = ViewControllers;
			sourceTree = "<group>";
		};
		9D23BA5121A1E1E800888CFD /* Resources */ = {
			isa = PBXGroup;
			children = (
				9D23BA3C21A1E03000888CFD /* AppDelegate.swift */,
				9D23BA4821A1E03200888CFD /* Info.plist */,
				9D23BA4321A1E03200888CFD /* Assets.xcassets */,
				9D23BA4521A1E03200888CFD /* LaunchScreen.storyboard */,
			);
			path = Resources;
			sourceTree = "<group>";
		};
		9D7FE49821A4150B0069A125 /* Service */ = {
			isa = PBXGroup;
			children = (
				9D7FE49921A415170069A125 /* Service.swift */,
			);
			path = Service;
			sourceTree = "<group>";
		};
		9DB6FF6121A1FB0F00E291E3 /* Models */ = {
			isa = PBXGroup;
			children = (
				9DB6FF6521A1FB7900E291E3 /* HomeDatasource.swift */,
				9DB6FF6A21A2171E00E291E3 /* User.swift */,
				9DAA777B21A341AB00E3E1AD /* Tweet.swift */,
			);
			path = Models;
			sourceTree = "<group>";
		};
		9DB6FF6221A1FB1800E291E3 /* Views */ = {
			isa = PBXGroup;
			children = (
				9DB6FF6321A1FB2B00E291E3 /* Cells.swift */,
				9DAA777521A2D91600E3E1AD /* UserCell.swift */,
				9DAA777921A340BB00E3E1AD /* TweetCell.swift */,
			);
			path = Views;
			sourceTree = "<group>";
		};
		9DB6FF6721A2103800E291E3 /* Utils */ = {
			isa = PBXGroup;
			children = (
				9DB6FF6821A2104500E291E3 /* Extensions.swift */,
				9DC2903421A4845A00CDBA4F /* Constants.swift */,
			);
			path = Utils;
			sourceTree = "<group>";
		};
/* End PBXGroup section */

/* Begin PBXNativeTarget section */
		9D23BA3821A1E03000888CFD /* TwitterClone */ = {
			isa = PBXNativeTarget;
			buildConfigurationList = 9D23BA4B21A1E03200888CFD /* Build configuration list for PBXNativeTarget "TwitterClone" */;
			buildPhases = (
				3EEA6E4F4E851492B5346FF3 /* [CP] Check Pods Manifest.lock */,
				9D23BA3521A1E03000888CFD /* Sources */,
				9D23BA3621A1E03000888CFD /* Frameworks */,
				9D23BA3721A1E03000888CFD /* Resources */,
				FD7E9B40035A2AA1C6F1E340 /* [CP] Embed Pods Frameworks */,
			);
			buildRules = (
			);
			dependencies = (
			);
			name = TwitterClone;
			productName = TwitterClone;
			productReference = 9D23BA3921A1E03000888CFD /* TwitterClone.app */;
			productType = "com.apple.product-type.application";
		};
/* End PBXNativeTarget section */

/* Begin PBXProject section */
		9D23BA3121A1E03000888CFD /* Project object */ = {
			isa = PBXProject;
			attributes = {
				LastSwiftUpdateCheck = 1010;
				LastUpgradeCheck = 1010;
				ORGANIZATIONNAME = "Mehmet Salih Koçak";
				TargetAttributes = {
					9D23BA3821A1E03000888CFD = {
						CreatedOnToolsVersion = 10.1;
					};
				};
			};
			buildConfigurationList = 9D23BA3421A1E03000888CFD /* Build configuration list for PBXProject "TwitterClone" */;
			compatibilityVersion = "Xcode 9.3";
			developmentRegion = en;
			hasScannedForEncodings = 0;
			knownRegions = (
				en,
				Base,
			);
			mainGroup = 9D23BA3021A1E03000888CFD;
			productRefGroup = 9D23BA3A21A1E03000888CFD /* Products */;
			projectDirPath = "";
			projectRoot = "";
			targets = (
				9D23BA3821A1E03000888CFD /* TwitterClone */,
			);
		};
/* End PBXProject section */

/* Begin PBXResourcesBuildPhase section */
		9D23BA3721A1E03000888CFD /* Resources */ = {
			isa = PBXResourcesBuildPhase;
			buildActionMask = 2147483647;
			files = (
				9D23BA4721A1E03200888CFD /* LaunchScreen.storyboard in Resources */,
				9D23BA4421A1E03200888CFD /* Assets.xcassets in Resources */,
			);
			runOnlyForDeploymentPostprocessing = 0;
		};
/* End PBXResourcesBuildPhase section */

/* Begin PBXShellScriptBuildPhase section */
		3EEA6E4F4E851492B5346FF3 /* [CP] Check Pods Manifest.lock */ = {
			isa = PBXShellScriptBuildPhase;
			buildActionMask = 2147483647;
			files = (
			);
			inputFileListPaths = (
			);
			inputPaths = (
				"${PODS_PODFILE_DIR_PATH}/Podfile.lock",
				"${PODS_ROOT}/Manifest.lock",
			);
			name = "[CP] Check Pods Manifest.lock";
			outputFileListPaths = (
			);
			outputPaths = (
				"$(DERIVED_FILE_DIR)/Pods-TwitterClone-checkManifestLockResult.txt",
			);
			runOnlyForDeploymentPostprocessing = 0;
			shellPath = /bin/sh;
			shellScript = "diff \"${PODS_PODFILE_DIR_PATH}/Podfile.lock\" \"${PODS_ROOT}/Manifest.lock\" > /dev/null\nif [ $? != 0 ] ; then\n    # print error to STDERR\n    echo \"error: The sandbox is not in sync with the Podfile.lock. Run 'pod install' or update your CocoaPods installation.\" >&2\n    exit 1\nfi\n# This output is used by Xcode 'outputs' to avoid re-running this script phase.\necho \"SUCCESS\" > \"${SCRIPT_OUTPUT_FILE_0}\"\n";
			showEnvVarsInLog = 0;
		};
		FD7E9B40035A2AA1C6F1E340 /* [CP] Embed Pods Frameworks */ = {
			isa = PBXShellScriptBuildPhase;
			buildActionMask = 2147483647;
			files = (
			);
			inputFileListPaths = (
			);
			inputPaths = (
				"${SRCROOT}/Pods/Target Support Files/Pods-TwitterClone/Pods-TwitterClone-frameworks.sh",
				"${BUILT_PRODUCTS_DIR}/Alamofire/Alamofire.framework",
				"${BUILT_PRODUCTS_DIR}/LBTAComponents/LBTAComponents.framework",
				"${BUILT_PRODUCTS_DIR}/SwiftyJSON/SwiftyJSON.framework",
				"${BUILT_PRODUCTS_DIR}/TRON/TRON.framework",
			);
			name = "[CP] Embed Pods Frameworks";
			outputFileListPaths = (
			);
			outputPaths = (
				"${TARGET_BUILD_DIR}/${FRAMEWORKS_FOLDER_PATH}/Alamofire.framework",
				"${TARGET_BUILD_DIR}/${FRAMEWORKS_FOLDER_PATH}/LBTAComponents.framework",
				"${TARGET_BUILD_DIR}/${FRAMEWORKS_FOLDER_PATH}/SwiftyJSON.framework",
				"${TARGET_BUILD_DIR}/${FRAMEWORKS_FOLDER_PATH}/TRON.framework",
			);
			runOnlyForDeploymentPostprocessing = 0;
			shellPath = /bin/sh;
			shellScript = "\"${SRCROOT}/Pods/Target Support Files/Pods-TwitterClone/Pods-TwitterClone-frameworks.sh\"\n";
			showEnvVarsInLog = 0;
		};
/* End PBXShellScriptBuildPhase section */

/* Begin PBXSourcesBuildPhase section */
		9D23BA3521A1E03000888CFD /* Sources */ = {
			isa = PBXSourcesBuildPhase;
			buildActionMask = 2147483647;
			files = (
				9DB6FF6621A1FB7900E291E3 /* HomeDatasource.swift in Sources */,
				9DAA777C21A341AB00E3E1AD /* Tweet.swift in Sources */,
				9DB6FF6921A2104500E291E3 /* Extensions.swift in Sources */,
				9DAA777821A2FD6000E3E1AD /* Home+navbar.swift in Sources */,
				9DAA777A21A340BC00E3E1AD /* TweetCell.swift in Sources */,
				9D23BA3D21A1E03000888CFD /* AppDelegate.swift in Sources */,
				9DB6FF6421A1FB2B00E291E3 /* Cells.swift in Sources */,
				9DC2903521A4845A00CDBA4F /* Constants.swift in Sources */,
				9D7FE49C21A4463E0069A125 /* Home+imageZoom.swift in Sources */,
				9DB6FF6021A1F54000E291E3 /* HomeDatasourceController.swift in Sources */,
				9D7FE49A21A415170069A125 /* Service.swift in Sources */,
				9DB6FF6B21A2171E00E291E3 /* User.swift in Sources */,
				9DAA777621A2D91600E3E1AD /* UserCell.swift in Sources */,
			);
			runOnlyForDeploymentPostprocessing = 0;
		};
/* End PBXSourcesBuildPhase section */

/* Begin PBXVariantGroup section */
		9D23BA4521A1E03200888CFD /* LaunchScreen.storyboard */ = {
			isa = PBXVariantGroup;
			children = (
				9D23BA4621A1E03200888CFD /* Base */,
			);
			name = LaunchScreen.storyboard;
			sourceTree = "<group>";
		};
/* End PBXVariantGroup section */

/* Begin XCBuildConfiguration section */
		9D23BA4921A1E03200888CFD /* Debug */ = {
			isa = XCBuildConfiguration;
			buildSettings = {
				ALWAYS_SEARCH_USER_PATHS = NO;
				CLANG_ANALYZER_NONNULL = YES;
				CLANG_ANALYZER_NUMBER_OBJECT_CONVERSION = YES_AGGRESSIVE;
				CLANG_CXX_LANGUAGE_STANDARD = "gnu++14";
				CLANG_CXX_LIBRARY = "libc++";
				CLANG_ENABLE_MODULES = YES;
				CLANG_ENABLE_OBJC_ARC = YES;
				CLANG_ENABLE_OBJC_WEAK = YES;
				CLANG_WARN_BLOCK_CAPTURE_AUTORELEASING = YES;
				CLANG_WARN_BOOL_CONVERSION = YES;
				CLANG_WARN_COMMA = YES;
				CLANG_WARN_CONSTANT_CONVERSION = YES;
				CLANG_WARN_DEPRECATED_OBJC_IMPLEMENTATIONS = YES;
				CLANG_WARN_DIRECT_OBJC_ISA_USAGE = YES_ERROR;
				CLANG_WARN_DOCUMENTATION_COMMENTS = YES;
				CLANG_WARN_EMPTY_BODY = YES;
				CLANG_WARN_ENUM_CONVERSION = YES;
				CLANG_WARN_INFINITE_RECURSION = YES;
				CLANG_WARN_INT_CONVERSION = YES;
				CLANG_WARN_NON_LITERAL_NULL_CONVERSION = YES;
				CLANG_WARN_OBJC_IMPLICIT_RETAIN_SELF = YES;
				CLANG_WARN_OBJC_LITERAL_CONVERSION = YES;
				CLANG_WARN_OBJC_ROOT_CLASS = YES_ERROR;
				CLANG_WARN_RANGE_LOOP_ANALYSIS = YES;
				CLANG_WARN_STRICT_PROTOTYPES = YES;
				CLANG_WARN_SUSPICIOUS_MOVE = YES;
				CLANG_WARN_UNGUARDED_AVAILABILITY = YES_AGGRESSIVE;
				CLANG_WARN_UNREACHABLE_CODE = YES;
				CLANG_WARN__DUPLICATE_METHOD_MATCH = YES;
				CODE_SIGN_IDENTITY = "iPhone Developer";
				COPY_PHASE_STRIP = NO;
				DEBUG_INFORMATION_FORMAT = dwarf;
				ENABLE_STRICT_OBJC_MSGSEND = YES;
				ENABLE_TESTABILITY = YES;
				GCC_C_LANGUAGE_STANDARD = gnu11;
				GCC_DYNAMIC_NO_PIC = NO;
				GCC_NO_COMMON_BLOCKS = YES;
				GCC_OPTIMIZATION_LEVEL = 0;
				GCC_PREPROCESSOR_DEFINITIONS = (
					"DEBUG=1",
					"$(inherited)",
				);
				GCC_WARN_64_TO_32_BIT_CONVERSION = YES;
				GCC_WARN_ABOUT_RETURN_TYPE = YES_ERROR;
				GCC_WARN_UNDECLARED_SELECTOR = YES;
				GCC_WARN_UNINITIALIZED_AUTOS = YES_AGGRESSIVE;
				GCC_WARN_UNUSED_FUNCTION = YES;
				GCC_WARN_UNUSED_VARIABLE = YES;
				IPHONEOS_DEPLOYMENT_TARGET = 12.1;
				MTL_ENABLE_DEBUG_INFO = INCLUDE_SOURCE;
				MTL_FAST_MATH = YES;
				ONLY_ACTIVE_ARCH = YES;
				SDKROOT = iphoneos;
				SWIFT_ACTIVE_COMPILATION_CONDITIONS = DEBUG;
				SWIFT_OPTIMIZATION_LEVEL = "-Onone";
			};
			name = Debug;
		};
		9D23BA4A21A1E03200888CFD /* Release */ = {
			isa = XCBuildConfiguration;
			buildSettings = {
				ALWAYS_SEARCH_USER_PATHS = NO;
				CLANG_ANALYZER_NONNULL = YES;
				CLANG_ANALYZER_NUMBER_OBJECT_CONVERSION = YES_AGGRESSIVE;
				CLANG_CXX_LANGUAGE_STANDARD = "gnu++14";
				CLANG_CXX_LIBRARY = "libc++";
				CLANG_ENABLE_MODULES = YES;
				CLANG_ENABLE_OBJC_ARC = YES;
				CLANG_ENABLE_OBJC_WEAK = YES;
				CLANG_WARN_BLOCK_CAPTURE_AUTORELEASING = YES;
				CLANG_WARN_BOOL_CONVERSION = YES;
				CLANG_WARN_COMMA = YES;
				CLANG_WARN_CONSTANT_CONVERSION = YES;
				CLANG_WARN_DEPRECATED_OBJC_IMPLEMENTATIONS = YES;
				CLANG_WARN_DIRECT_OBJC_ISA_USAGE = YES_ERROR;
				CLANG_WARN_DOCUMENTATION_COMMENTS = YES;
				CLANG_WARN_EMPTY_BODY = YES;
				CLANG_WARN_ENUM_CONVERSION = YES;
				CLANG_WARN_INFINITE_RECURSION = YES;
				CLANG_WARN_INT_CONVERSION = YES;
				CLANG_WARN_NON_LITERAL_NULL_CONVERSION = YES;
				CLANG_WARN_OBJC_IMPLICIT_RETAIN_SELF = YES;
				CLANG_WARN_OBJC_LITERAL_CONVERSION = YES;
				CLANG_WARN_OBJC_ROOT_CLASS = YES_ERROR;
				CLANG_WARN_RANGE_LOOP_ANALYSIS = YES;
				CLANG_WARN_STRICT_PROTOTYPES = YES;
				CLANG_WARN_SUSPICIOUS_MOVE = YES;
				CLANG_WARN_UNGUARDED_AVAILABILITY = YES_AGGRESSIVE;
				CLANG_WARN_UNREACHABLE_CODE = YES;
				CLANG_WARN__DUPLICATE_METHOD_MATCH = YES;
				CODE_SIGN_IDENTITY = "iPhone Developer";
				COPY_PHASE_STRIP = NO;
				DEBUG_INFORMATION_FORMAT = "dwarf-with-dsym";
				ENABLE_NS_ASSERTIONS = NO;
				ENABLE_STRICT_OBJC_MSGSEND = YES;
				GCC_C_LANGUAGE_STANDARD = gnu11;
				GCC_NO_COMMON_BLOCKS = YES;
				GCC_WARN_64_TO_32_BIT_CONVERSION = YES;
				GCC_WARN_ABOUT_RETURN_TYPE = YES_ERROR;
				GCC_WARN_UNDECLARED_SELECTOR = YES;
				GCC_WARN_UNINITIALIZED_AUTOS = YES_AGGRESSIVE;
				GCC_WARN_UNUSED_FUNCTION = YES;
				GCC_WARN_UNUSED_VARIABLE = YES;
				IPHONEOS_DEPLOYMENT_TARGET = 12.1;
				MTL_ENABLE_DEBUG_INFO = NO;
				MTL_FAST_MATH = YES;
				SDKROOT = iphoneos;
				SWIFT_COMPILATION_MODE = wholemodule;
				SWIFT_OPTIMIZATION_LEVEL = "-O";
				VALIDATE_PRODUCT = YES;
			};
			name = Release;
		};
		9D23BA4C21A1E03200888CFD /* Debug */ = {
			isa = XCBuildConfiguration;
			baseConfigurationReference = 577838F50919B6C9C0B0A2BE /* Pods-TwitterClone.debug.xcconfig */;
			buildSettings = {
				ASSETCATALOG_COMPILER_APPICON_NAME = AppIcon;
				CODE_SIGN_STYLE = Automatic;
				DEVELOPMENT_TEAM = 65B42TTEAR;
				INFOPLIST_FILE = "$(SRCROOT)/TwitterClone/Resources/Info.plist";
				IPHONEOS_DEPLOYMENT_TARGET = 11.0;
				LD_RUNPATH_SEARCH_PATHS = (
					"$(inherited)",
					"@executable_path/Frameworks",
				);
				PRODUCT_BUNDLE_IDENTIFIER = com.msalihkocak.TwitterClone;
				PRODUCT_NAME = "$(TARGET_NAME)";
				SWIFT_VERSION = 4.2;
				TARGETED_DEVICE_FAMILY = "1,2";
			};
			name = Debug;
		};
		9D23BA4D21A1E03200888CFD /* Release */ = {
			isa = XCBuildConfiguration;
			baseConfigurationReference = 8725B61B0020830979920CB4 /* Pods-TwitterClone.release.xcconfig */;
			buildSettings = {
				ASSETCATALOG_COMPILER_APPICON_NAME = AppIcon;
				CODE_SIGN_STYLE = Automatic;
				DEVELOPMENT_TEAM = 65B42TTEAR;
				INFOPLIST_FILE = "$(SRCROOT)/TwitterClone/Resources/Info.plist";
				IPHONEOS_DEPLOYMENT_TARGET = 11.0;
				LD_RUNPATH_SEARCH_PATHS = (
					"$(inherited)",
					"@executable_path/Frameworks",
				);
				PRODUCT_BUNDLE_IDENTIFIER = com.msalihkocak.TwitterClone;
				PRODUCT_NAME = "$(TARGET_NAME)";
				SWIFT_VERSION = 4.2;
				TARGETED_DEVICE_FAMILY = "1,2";
			};
			name = Release;
		};
/* End XCBuildConfiguration section */

/* Begin XCConfigurationList section */
		9D23BA3421A1E03000888CFD /* Build configuration list for PBXProject "TwitterClone" */ = {
			isa = XCConfigurationList;
			buildConfigurations = (
				9D23BA4921A1E03200888CFD /* Debug */,
				9D23BA4A21A1E03200888CFD /* Release */,
			);
			defaultConfigurationIsVisible = 0;
			defaultConfigurationName = Release;
		};
		9D23BA4B21A1E03200888CFD /* Build configuration list for PBXNativeTarget "TwitterClone" */ = {
			isa = XCConfigurationList;
			buildConfigurations = (
				9D23BA4C21A1E03200888CFD /* Debug */,
				9D23BA4D21A1E03200888CFD /* Release */,
			);
			defaultConfigurationIsVisible = 0;
			defaultConfigurationName = Release;
		};
/* End XCConfigurationList section */
	};
	rootObject = 9D23BA3121A1E03000888CFD /* Project object */;
}
